
Microsoft Visual Studio Solution File, Format Version 12.00
# Visual Studio Version 16
VisualStudioVersion = 16.0.30114.105
MinimumVisualStudioVersion = 10.0.40219.1
Project("{9A19103F-16F7-4668-BE54-9A1E7A4F7556}") = "Labb1FizzBuzz", "Labb1FizzBuzz.csproj", "{84A09F88-05E9-42B9-892F-BF79790E9605}"
EndProject
Project("{9A19103F-16F7-4668-BE54-9A1E7A4F7556}") = "Labb1FizzBuzzTests", "Labb1FizzBuzzTests\Labb1FizzBuzzTests.csproj", "{FAF8F51C-8F8A-487F-9D5B-42F4D4442834}"
EndProject
Global
	GlobalSection(SolutionConfigurationPlatforms) = preSolution
		Debug|Any CPU = Debug|Any CPU
		Release|Any CPU = Release|Any CPU
	EndGlobalSection
	GlobalSection(ProjectConfigurationPlatforms) = postSolution
		{84A09F88-05E9-42B9-892F-BF79790E9605}.Debug|Any CPU.ActiveCfg = Debug|Any CPU
		{84A09F88-05E9-42B9-892F-BF79790E9605}.Debug|Any CPU.Build.0 = Debug|Any CPU
		{84A09F88-05E9-42B9-892F-BF79790E9605}.Release|Any CPU.ActiveCfg = Release|Any CPU
		{84A09F88-05E9-42B9-892F-BF79790E9605}.Release|Any CPU.Build.0 = Release|Any CPU
		{FAF8F51C-8F8A-487F-9D5B-42F4D4442834}.Debug|Any CPU.ActiveCfg = Debug|Any CPU
		{FAF8F51C-8F8A-487F-9D5B-42F4D4442834}.Debug|Any CPU.Build.0 = Debug|Any CPU
		{FAF8F51C-8F8A-487F-9D5B-42F4D4442834}.Release|Any CPU.ActiveCfg = Release|Any CPU
		{FAF8F51C-8F8A-487F-9D5B-42F4D4442834}.Release|Any CPU.Build.0 = Release|Any CPU
	EndGlobalSection
	GlobalSection(SolutionProperties) = preSolution
		HideSolutionNode = FALSE
	EndGlobalSection
	GlobalSection(ExtensibilityGlobals) = postSolution
		SolutionGuid = {96562EAE-5263-44EA-A503-43F5B39CF5B1}
	EndGlobalSection
EndGlobal
